# THIS IS AN AUTOGENERATED FILE. DO NOT EDIT THIS FILE DIRECTLY.
# yarn lockfile v1


"@aws-crypto/ie11-detection@^1.0.0":
  version "1.0.0"
  resolved "https://registry.yarnpkg.com/@aws-crypto/ie11-detection/-/ie11-detection-1.0.0.tgz#d3a6af29ba7f15458f79c41d1cd8cac3925e726a"
  integrity sha512-kCKVhCF1oDxFYgQrxXmIrS5oaWulkvRcPz+QBDMsUr2crbF4VGgGT6+uQhSwJFdUAQ2A//Vq+uT83eJrkzFgXA==
  dependencies:
    tslib "^1.11.1"

"@aws-crypto/sha256-browser@^1.0.0":
  version "1.1.1"
  resolved "https://registry.yarnpkg.com/@aws-crypto/sha256-browser/-/sha256-browser-1.1.1.tgz#85dddf13e8f8d74c0d6592d993e4bf401da9f420"
  integrity sha512-nS4vdan97It6HcweV58WXtjPbPSc0JXd3sAwlw3Ou5Mc3WllSycAS32Tv2LRn8butNQoU9AE3jEQAOgiMdNC1Q==
  dependencies:
    "@aws-crypto/ie11-detection" "^1.0.0"
    "@aws-crypto/sha256-js" "^1.1.0"
    "@aws-crypto/supports-web-crypto" "^1.0.0"
    "@aws-sdk/types" "^3.1.0"
    "@aws-sdk/util-locate-window" "^3.0.0"
    "@aws-sdk/util-utf8-browser" "^3.0.0"
    tslib "^1.11.1"

"@aws-crypto/sha256-js@^1.0.0", "@aws-crypto/sha256-js@^1.1.0":
  version "1.1.0"
  resolved "https://registry.yarnpkg.com/@aws-crypto/sha256-js/-/sha256-js-1.1.0.tgz#a58386ad18186e392e0f1d98d18831261d27b071"
  integrity sha512-VIhuqbPgXDVr8sZe2yhgQcDRRmzf4CI8fmC1A3bHiRfE6wlz1d8KpeemqbuoEHotz/Dch9yOxlshyQDNjNFeHA==
  dependencies:
    "@aws-sdk/types" "^3.1.0"
    "@aws-sdk/util-utf8-browser" "^3.0.0"
    tslib "^1.11.1"

"@aws-crypto/supports-web-crypto@^1.0.0":
  version "1.0.0"
  resolved "https://registry.yarnpkg.com/@aws-crypto/supports-web-crypto/-/supports-web-crypto-1.0.0.tgz#c40901bc17ac1e875e248df16a2b47ad8bfd9a93"
  integrity sha512-IHLfv+WmVH89EW4n6a5eE8/hUlz6qkWGMn/v4r5ZgzcXdTC5nolii2z3k46y01hWRiC2PPhOdeSLzMUCUMco7g==
  dependencies:
    tslib "^1.11.1"

"@aws-sdk/abort-controller@3.25.0":
  version "3.25.0"
  resolved "https://registry.yarnpkg.com/@aws-sdk/abort-controller/-/abort-controller-3.25.0.tgz#a9ea250140de378d8beb6d2f427067fa30423e9e"
  integrity sha512-uEVKqKkPVz6atbCxCNJY5O7V+ieSK8crUswXo8/WePyEbGEgxJ4t9x/WG4lV8kBjelmvQHDR4GqfJmb5Sh9xSg==
  dependencies:
    "@aws-sdk/types" "3.25.0"
    tslib "^2.3.0"

"@aws-sdk/client-dynamodb@^3.27.0":
  version "3.27.0"
  resolved "https://registry.yarnpkg.com/@aws-sdk/client-dynamodb/-/client-dynamodb-3.27.0.tgz#41b52416d8b6796e3e40ba943b17e308c6fd284b"
  integrity sha512-jlG7Rqj45axVu6Km036EpO5IejYmb6iiK+2ZZqFek/y3JYNPCS6Cl29GUCgEgTlmuJ6YkRG7TdV+1hrQVndulw==
  dependencies:
    "@aws-crypto/sha256-browser" "^1.0.0"
    "@aws-crypto/sha256-js" "^1.0.0"
    "@aws-sdk/client-sts" "3.27.0"
    "@aws-sdk/config-resolver" "3.27.0"
    "@aws-sdk/credential-provider-node" "3.27.0"
    "@aws-sdk/fetch-http-handler" "3.25.0"
    "@aws-sdk/hash-node" "3.25.0"
    "@aws-sdk/invalid-dependency" "3.25.0"
    "@aws-sdk/middleware-content-length" "3.25.0"
    "@aws-sdk/middleware-endpoint-discovery" "3.27.0"
    "@aws-sdk/middleware-host-header" "3.25.0"
    "@aws-sdk/middleware-logger" "3.25.0"
    "@aws-sdk/middleware-retry" "3.27.0"
    "@aws-sdk/middleware-serde" "3.25.0"
    "@aws-sdk/middleware-signing" "3.27.0"
    "@aws-sdk/middleware-stack" "3.25.0"
    "@aws-sdk/middleware-user-agent" "3.25.0"
    "@aws-sdk/node-config-provider" "3.27.0"
    "@aws-sdk/node-http-handler" "3.25.0"
    "@aws-sdk/protocol-http" "3.25.0"
    "@aws-sdk/smithy-client" "3.27.0"
    "@aws-sdk/types" "3.25.0"
    "@aws-sdk/url-parser" "3.25.0"
    "@aws-sdk/util-base64-browser" "3.23.0"
    "@aws-sdk/util-base64-node" "3.23.0"
    "@aws-sdk/util-body-length-browser" "3.23.0"
    "@aws-sdk/util-body-length-node" "3.23.0"
    "@aws-sdk/util-user-agent-browser" "3.25.0"
    "@aws-sdk/util-user-agent-node" "3.27.0"
    "@aws-sdk/util-utf8-browser" "3.23.0"
    "@aws-sdk/util-utf8-node" "3.23.0"
    "@aws-sdk/util-waiter" "3.25.0"
    tslib "^2.3.0"
    uuid "^8.3.2"

"@aws-sdk/client-sso@3.27.0":
  version "3.27.0"
  resolved "https://registry.yarnpkg.com/@aws-sdk/client-sso/-/client-sso-3.27.0.tgz#03410e73c9511ed73cce33878d214f3406dcdbd8"
  integrity sha512-/Op+OaQgcAG/FyyqJc2NVfIJWEd1cTWIl8gBWSTUugrhhd5rMnAtg3u5ds/tYUimVQJv03z4bDjbI0Rnv/t6XQ==
  dependencies:
    "@aws-crypto/sha256-browser" "^1.0.0"
    "@aws-crypto/sha256-js" "^1.0.0"
    "@aws-sdk/config-resolver" "3.27.0"
    "@aws-sdk/fetch-http-handler" "3.25.0"
    "@aws-sdk/hash-node" "3.25.0"
    "@aws-sdk/invalid-dependency" "3.25.0"
    "@aws-sdk/middleware-content-length" "3.25.0"
    "@aws-sdk/middleware-host-header" "3.25.0"
    "@aws-sdk/middleware-logger" "3.25.0"
    "@aws-sdk/middleware-retry" "3.27.0"
    "@aws-sdk/middleware-serde" "3.25.0"
    "@aws-sdk/middleware-stack" "3.25.0"
    "@aws-sdk/middleware-user-agent" "3.25.0"
    "@aws-sdk/node-config-provider" "3.27.0"
    "@aws-sdk/node-http-handler" "3.25.0"
    "@aws-sdk/protocol-http" "3.25.0"
    "@aws-sdk/smithy-client" "3.27.0"
    "@aws-sdk/types" "3.25.0"
    "@aws-sdk/url-parser" "3.25.0"
    "@aws-sdk/util-base64-browser" "3.23.0"
    "@aws-sdk/util-base64-node" "3.23.0"
    "@aws-sdk/util-body-length-browser" "3.23.0"
    "@aws-sdk/util-body-length-node" "3.23.0"
    "@aws-sdk/util-user-agent-browser" "3.25.0"
    "@aws-sdk/util-user-agent-node" "3.27.0"
    "@aws-sdk/util-utf8-browser" "3.23.0"
    "@aws-sdk/util-utf8-node" "3.23.0"
    tslib "^2.3.0"

"@aws-sdk/client-sts@3.27.0":
  version "3.27.0"
  resolved "https://registry.yarnpkg.com/@aws-sdk/client-sts/-/client-sts-3.27.0.tgz#ed1c63f5ba8497e95cd84a569c44b7c1b72e49ce"
  integrity sha512-QagsjULn6eacR/IL9d/nky17jUcqnbeShrHGrAyOhAXtehG3g2kkFcGbFy30iNw8gl1LteZL9dslpPFdWIEI1A==
  dependencies:
    "@aws-crypto/sha256-browser" "^1.0.0"
    "@aws-crypto/sha256-js" "^1.0.0"
    "@aws-sdk/config-resolver" "3.27.0"
    "@aws-sdk/credential-provider-node" "3.27.0"
    "@aws-sdk/fetch-http-handler" "3.25.0"
    "@aws-sdk/hash-node" "3.25.0"
    "@aws-sdk/invalid-dependency" "3.25.0"
    "@aws-sdk/middleware-content-length" "3.25.0"
    "@aws-sdk/middleware-host-header" "3.25.0"
    "@aws-sdk/middleware-logger" "3.25.0"
    "@aws-sdk/middleware-retry" "3.27.0"
    "@aws-sdk/middleware-sdk-sts" "3.27.0"
    "@aws-sdk/middleware-serde" "3.25.0"
    "@aws-sdk/middleware-signing" "3.27.0"
    "@aws-sdk/middleware-stack" "3.25.0"
    "@aws-sdk/middleware-user-agent" "3.25.0"
    "@aws-sdk/node-config-provider" "3.27.0"
    "@aws-sdk/node-http-handler" "3.25.0"
    "@aws-sdk/protocol-http" "3.25.0"
    "@aws-sdk/smithy-client" "3.27.0"
    "@aws-sdk/types" "3.25.0"
    "@aws-sdk/url-parser" "3.25.0"
    "@aws-sdk/util-base64-browser" "3.23.0"
    "@aws-sdk/util-base64-node" "3.23.0"
    "@aws-sdk/util-body-length-browser" "3.23.0"
    "@aws-sdk/util-body-length-node" "3.23.0"
    "@aws-sdk/util-user-agent-browser" "3.25.0"
    "@aws-sdk/util-user-agent-node" "3.27.0"
    "@aws-sdk/util-utf8-browser" "3.23.0"
    "@aws-sdk/util-utf8-node" "3.23.0"
    entities "2.2.0"
    fast-xml-parser "3.19.0"
    tslib "^2.3.0"

"@aws-sdk/config-resolver@3.27.0":
  version "3.27.0"
  resolved "https://registry.yarnpkg.com/@aws-sdk/config-resolver/-/config-resolver-3.27.0.tgz#48a5333c4f83a5ddff5345d450a2d8fd6a48f6a6"
  integrity sha512-gc7dfBzdmUHJamMjOc0bzAkIm3VUIK9kbLQSy0+nfjT641+AYvXO3qpjR6ywvutsbKhBg5kyGn/4QhyRxg61OQ==
  dependencies:
    "@aws-sdk/signature-v4" "3.25.0"
    "@aws-sdk/types" "3.25.0"
    tslib "^2.3.0"

"@aws-sdk/credential-provider-env@3.27.0":
  version "3.27.0"
  resolved "https://registry.yarnpkg.com/@aws-sdk/credential-provider-env/-/credential-provider-env-3.27.0.tgz#ab252e7fecf6ff33a96bdcbc87aa6935d6bc6d84"
  integrity sha512-IbPdlYl0A5GcpuT394cJceexxo0tzUzC7jIUxqL8gNbB/MIXC5ZlkeX9Z7bYloNb8SXk7GumXyQTsK1CchUvQA==
  dependencies:
    "@aws-sdk/property-provider" "3.27.0"
    "@aws-sdk/types" "3.25.0"
    tslib "^2.3.0"

"@aws-sdk/credential-provider-imds@3.27.0":
  version "3.27.0"
  resolved "https://registry.yarnpkg.com/@aws-sdk/credential-provider-imds/-/credential-provider-imds-3.27.0.tgz#6137877388b6f583021597515a2454978679f5b5"
  integrity sha512-rhzlEvxiB7ecpVDl3NkjP1vPmqs+HHmqNXrK4efOYshwIbu+/h3xPePQMBOQ0AGezYn3k/iumoXXysVhVqtwUA==
  dependencies:
    "@aws-sdk/node-config-provider" "3.27.0"
    "@aws-sdk/property-provider" "3.27.0"
    "@aws-sdk/types" "3.25.0"
    "@aws-sdk/url-parser" "3.25.0"
    tslib "^2.3.0"

"@aws-sdk/credential-provider-ini@3.27.0":
  version "3.27.0"
  resolved "https://registry.yarnpkg.com/@aws-sdk/credential-provider-ini/-/credential-provider-ini-3.27.0.tgz#3e93cf49ea90ca042fd367d85feed47fd2952417"
  integrity sha512-jvWUDz6nFqUvjmPRebwf1mWsOZ+inmZNQxz20DC/ROCRfGF1y8Yqf7KgCJy8MQOlDdTA4lPS+w6OJ0J/OOGbPg==
  dependencies:
    "@aws-sdk/credential-provider-env" "3.27.0"
    "@aws-sdk/credential-provider-imds" "3.27.0"
    "@aws-sdk/credential-provider-sso" "3.27.0"
    "@aws-sdk/credential-provider-web-identity" "3.27.0"
    "@aws-sdk/property-provider" "3.27.0"
    "@aws-sdk/shared-ini-file-loader" "3.23.0"
    "@aws-sdk/types" "3.25.0"
    "@aws-sdk/util-credentials" "3.23.0"
    tslib "^2.3.0"

"@aws-sdk/credential-provider-node@3.27.0":
  version "3.27.0"
  resolved "https://registry.yarnpkg.com/@aws-sdk/credential-provider-node/-/credential-provider-node-3.27.0.tgz#8e8bb4a76d1074160a3c4f919490b061cc357765"
  integrity sha512-GfCDX/AA7EJKyVGmNnh3wngWfEWFkuNJyend6FLN+81s3kUpXTkILuZCwQrD9AyjBYR2ksv0t929nW2fBUGT9Q==
  dependencies:
    "@aws-sdk/credential-provider-env" "3.27.0"
    "@aws-sdk/credential-provider-imds" "3.27.0"
    "@aws-sdk/credential-provider-ini" "3.27.0"
    "@aws-sdk/credential-provider-process" "3.27.0"
    "@aws-sdk/credential-provider-sso" "3.27.0"
    "@aws-sdk/credential-provider-web-identity" "3.27.0"
    "@aws-sdk/property-provider" "3.27.0"
    "@aws-sdk/shared-ini-file-loader" "3.23.0"
    "@aws-sdk/types" "3.25.0"
    "@aws-sdk/util-credentials" "3.23.0"
    tslib "^2.3.0"

"@aws-sdk/credential-provider-process@3.27.0":
  version "3.27.0"
  resolved "https://registry.yarnpkg.com/@aws-sdk/credential-provider-process/-/credential-provider-process-3.27.0.tgz#0c4677ac32b2617034c0db32e3327fa050558423"
  integrity sha512-F9pqKKnd5+fwoldVQJX9uLbDyPyIDnCpZGbiTw6BZANZM1qhjoEn7rNE5g2h0tkeq4dWMA9bANKMR4j3YhTpXw==
  dependencies:
    "@aws-sdk/property-provider" "3.27.0"
    "@aws-sdk/shared-ini-file-loader" "3.23.0"
    "@aws-sdk/types" "3.25.0"
    "@aws-sdk/util-credentials" "3.23.0"
    tslib "^2.3.0"

"@aws-sdk/credential-provider-sso@3.27.0":
  version "3.27.0"
  resolved "https://registry.yarnpkg.com/@aws-sdk/credential-provider-sso/-/credential-provider-sso-3.27.0.tgz#b4d32f3d9ce1732c6df5f55ef88d2603cdafabf2"
  integrity sha512-yXyy+/FYFtpnRmPBiw5rxwSQBj1pcI0R+z77EA8a8+tozZPjsIri+xBsU62DtIlv/2yVb/goPgw+w2vg0L4NFw==
  dependencies:
    "@aws-sdk/client-sso" "3.27.0"
    "@aws-sdk/property-provider" "3.27.0"
    "@aws-sdk/shared-ini-file-loader" "3.23.0"
    "@aws-sdk/types" "3.25.0"
    "@aws-sdk/util-credentials" "3.23.0"
    tslib "^2.3.0"

"@aws-sdk/credential-provider-web-identity@3.27.0":
  version "3.27.0"
  resolved "https://registry.yarnpkg.com/@aws-sdk/credential-provider-web-identity/-/credential-provider-web-identity-3.27.0.tgz#f3a2e8b7d55c36f3fd9f9aeaf210d3fdad01e712"
  integrity sha512-FYvDzB4UqmJjY+ZZoIAPM1EFK9/RdNn1VT5xvDcebQe7xKOVUG1tZbOA4rVZ3MUcxfyRqp7Ou/AhIWu/9RSt2Q==
  dependencies:
    "@aws-sdk/property-provider" "3.27.0"
    "@aws-sdk/types" "3.25.0"
    tslib "^2.3.0"

"@aws-sdk/endpoint-cache@3.23.0":
  version "3.23.0"
  resolved "https://registry.yarnpkg.com/@aws-sdk/endpoint-cache/-/endpoint-cache-3.23.0.tgz#c20a057b432db91951fdb53c92fb0f680f917213"
  integrity sha512-Yhe1JvrTEA+BQuT/wfwvYDMqozB4GKXVRA4ZzU5VhkvMwbWd7/xGzDLQ0JG7jtYX3TwRYsBLI1XdQ1oYG3bmrQ==
  dependencies:
    mnemonist "0.38.3"
    tslib "^2.3.0"

"@aws-sdk/fetch-http-handler@3.25.0":
  version "3.25.0"
  resolved "https://registry.yarnpkg.com/@aws-sdk/fetch-http-handler/-/fetch-http-handler-3.25.0.tgz#0ba013ced267b8ead120be1fcba5bdbbc379b82f"
  integrity sha512-792kkbfSRBdiFb7Q2cDJts9MKxzAwuQSwUIwRKAOMazU8HkKbKnXXAFSsK3T7VasOFOh7O7YEGN0q9UgEw1q+g==
  dependencies:
    "@aws-sdk/protocol-http" "3.25.0"
    "@aws-sdk/querystring-builder" "3.25.0"
    "@aws-sdk/types" "3.25.0"
    "@aws-sdk/util-base64-browser" "3.23.0"
    tslib "^2.3.0"

"@aws-sdk/hash-node@3.25.0":
  version "3.25.0"
  resolved "https://registry.yarnpkg.com/@aws-sdk/hash-node/-/hash-node-3.25.0.tgz#b149ddf170f4038c7cc3afe8f12e21b0f63e0771"
  integrity sha512-qRn6iqG9VLt8D29SBABcbauDLn92ssMjtpyVApiOhDYyFm2VA2avomOHD6y2PRBMwM5FMQAygZbpA2HIN2F96w==
  dependencies:
    "@aws-sdk/types" "3.25.0"
    "@aws-sdk/util-buffer-from" "3.23.0"
    tslib "^2.3.0"

"@aws-sdk/invalid-dependency@3.25.0":
  version "3.25.0"
  resolved "https://registry.yarnpkg.com/@aws-sdk/invalid-dependency/-/invalid-dependency-3.25.0.tgz#a75dfb7e86a0e1eb6083b61397dc49a1db041434"
  integrity sha512-ZBXjBAF2JSiO/wGBa1oaXsd1q5YG3diS8TfIUMXeQoe9O66R5LGoGOQeAbB/JjlwFot6DZfAcfocvl6CtWwqkw==
  dependencies:
    "@aws-sdk/types" "3.25.0"
    tslib "^2.3.0"

"@aws-sdk/is-array-buffer@3.23.0":
  version "3.23.0"
  resolved "https://registry.yarnpkg.com/@aws-sdk/is-array-buffer/-/is-array-buffer-3.23.0.tgz#3a5d601b0102ea3a4d832bde647509c8405b2ec9"
  integrity sha512-XN20/scFthok0lCbjtinW77CoIBoar8cbOzmu+HkYTnBBpJrF6Ai5g9sgglO8r+X+OLn4PrDrTP+BxdpNuIh9g==
  dependencies:
    tslib "^2.3.0"

"@aws-sdk/middleware-content-length@3.25.0":
  version "3.25.0"
  resolved "https://registry.yarnpkg.com/@aws-sdk/middleware-content-length/-/middleware-content-length-3.25.0.tgz#71031d326e52f788396e0ed8216410840059ac53"
  integrity sha512-uOXus0MmZi/mucRIr5yfwM1vDhYG66CujNfnhyEaq5f4kcDA1Q5qPWSn9dkQPV9JWTZK3WTuYiOPSgtmlAYTAg==
  dependencies:
    "@aws-sdk/protocol-http" "3.25.0"
    "@aws-sdk/types" "3.25.0"
    tslib "^2.3.0"

"@aws-sdk/middleware-endpoint-discovery@3.27.0":
  version "3.27.0"
  resolved "https://registry.yarnpkg.com/@aws-sdk/middleware-endpoint-discovery/-/middleware-endpoint-discovery-3.27.0.tgz#6bc268f6136393e107efcc7e6e4873ada1270ebb"
  integrity sha512-RmUAePYGmDepRJM/J9Xbm6aKfvislGpTURoCNPBTSEYtSRNBWMJAp3dC/AS9kctwSjcWFral8UdLLCh92EFVZw==
  dependencies:
    "@aws-sdk/config-resolver" "3.27.0"
    "@aws-sdk/endpoint-cache" "3.23.0"
    "@aws-sdk/protocol-http" "3.25.0"
    "@aws-sdk/types" "3.25.0"
    tslib "^2.3.0"

"@aws-sdk/middleware-host-header@3.25.0":
  version "3.25.0"
  resolved "https://registry.yarnpkg.com/@aws-sdk/middleware-host-header/-/middleware-host-header-3.25.0.tgz#f08dd8c45362cf5cb152c478027092e3d1f4aa58"
  integrity sha512-xKD/CfsUS3ul2VaQ3IgIUXgA7jU2/Guo/DUhYKrLZTOxm0nuvsIFw0RqSCtRBCLptE5Qi+unkc1LcFDbfqrRbg==
  dependencies:
    "@aws-sdk/protocol-http" "3.25.0"
    "@aws-sdk/types" "3.25.0"
    tslib "^2.3.0"

"@aws-sdk/middleware-logger@3.25.0":
  version "3.25.0"
  resolved "https://registry.yarnpkg.com/@aws-sdk/middleware-logger/-/middleware-logger-3.25.0.tgz#03294611be7a2f4aba06e9d80e04318c0991d769"
  integrity sha512-M1F7BlAsDKoEM8hBaU2pHlLSM40rzzgtZ6jFNhfmTwGcjxe1N7JXCH5QPa7aI8wnJq2RoIRHVfVsUH4GwvOZnA==
  dependencies:
    "@aws-sdk/types" "3.25.0"
    tslib "^2.3.0"

"@aws-sdk/middleware-retry@3.27.0":
  version "3.27.0"
  resolved "https://registry.yarnpkg.com/@aws-sdk/middleware-retry/-/middleware-retry-3.27.0.tgz#72adf03c3b025748b905fac1cb1b7f4719776573"
  integrity sha512-H57NP27qOxgbPRwCFkBYtAJylhAOWKSv3/TsCpDNnrb3Z0pqKUQH9mLC8hRGTRplkA7SDGfiuf9bsoNhZ3HFwQ==
  dependencies:
    "@aws-sdk/protocol-http" "3.25.0"
    "@aws-sdk/service-error-classification" "3.25.0"
    "@aws-sdk/types" "3.25.0"
    tslib "^2.3.0"
    uuid "^8.3.2"

"@aws-sdk/middleware-sdk-sts@3.27.0":
  version "3.27.0"
  resolved "https://registry.yarnpkg.com/@aws-sdk/middleware-sdk-sts/-/middleware-sdk-sts-3.27.0.tgz#6192953a43eb8fc9a826f06aced5a5ac8d4a5ac7"
  integrity sha512-4geCMczCujTz4GWSrwKhxEW9rYikp5NrLcIpHI0NjthQQfa8T4/D1WSsSnW3JNmQcMgQXeC9h8jTn0dOE4EhUw==
  dependencies:
    "@aws-sdk/middleware-signing" "3.27.0"
    "@aws-sdk/property-provider" "3.27.0"
    "@aws-sdk/protocol-http" "3.25.0"
    "@aws-sdk/signature-v4" "3.25.0"
    "@aws-sdk/types" "3.25.0"
    tslib "^2.3.0"

"@aws-sdk/middleware-serde@3.25.0":
  version "3.25.0"
  resolved "https://registry.yarnpkg.com/@aws-sdk/middleware-serde/-/middleware-serde-3.25.0.tgz#e1284ed4af64b4444cfeb7b5275f489418fa2f58"
  integrity sha512-065Kugo8yXzBkcVAxctxFCHKlHcINnaQRsJ8ifvgc+UOEgvTG9+LfGWDwfdgarW9CkF7RkCoZOyaqFsO+HJWsg==
  dependencies:
    "@aws-sdk/types" "3.25.0"
    tslib "^2.3.0"

"@aws-sdk/middleware-signing@3.27.0":
  version "3.27.0"
  resolved "https://registry.yarnpkg.com/@aws-sdk/middleware-signing/-/middleware-signing-3.27.0.tgz#3b588538ea86b2de23c415052f74dcf675d18ced"
  integrity sha512-eOXwKOFuCIGAW3wZO9Cyh+z7swZYTq8BiBDjwWu6u0UBb5B/zMiq1z1LDa88iZY200O3Zip8+6RZV7LLd3XH+Q==
  dependencies:
    "@aws-sdk/property-provider" "3.27.0"
    "@aws-sdk/protocol-http" "3.25.0"
    "@aws-sdk/signature-v4" "3.25.0"
    "@aws-sdk/types" "3.25.0"
    tslib "^2.3.0"

"@aws-sdk/middleware-stack@3.25.0":
  version "3.25.0"
  resolved "https://registry.yarnpkg.com/@aws-sdk/middleware-stack/-/middleware-stack-3.25.0.tgz#8fc022c90b030c80308bf2930c4a7040052234b4"
  integrity sha512-s2VgdsasOVKHY3/SIGsw9AeZMMsdcIbBGWim9n5IO3j8C8y54EdRLVCEja8ePvMDZKIzuummwatYPHaUrnqPtQ==
  dependencies:
    tslib "^2.3.0"

"@aws-sdk/middleware-user-agent@3.25.0":
  version "3.25.0"
  resolved "https://registry.yarnpkg.com/@aws-sdk/middleware-user-agent/-/middleware-user-agent-3.25.0.tgz#2033da6cdcfbf4641b991e3ee3c60ba9809898e7"
  integrity sha512-HXd/Qknq8Cp7fzJYU7jDDpN7ReJ3arUrnt+dAPNaDDrhmrBbCZp+24UXN6X6DAj0JICRoRuF/l7KxjwdF5FShw==
  dependencies:
    "@aws-sdk/protocol-http" "3.25.0"
    "@aws-sdk/types" "3.25.0"
    tslib "^2.3.0"

"@aws-sdk/node-config-provider@3.27.0":
  version "3.27.0"
  resolved "https://registry.yarnpkg.com/@aws-sdk/node-config-provider/-/node-config-provider-3.27.0.tgz#684a5c126375c7c154464345f4c24ac4d37395f7"
  integrity sha512-5jeCLV7NI/ouQCMGDnGbxpCBhGirksXY55uvAaeysMxzjJLmPDwOZUD1gMhfYe8lxvktwhAndOdPQofWwTFUoQ==
  dependencies:
    "@aws-sdk/property-provider" "3.27.0"
    "@aws-sdk/shared-ini-file-loader" "3.23.0"
    "@aws-sdk/types" "3.25.0"
    tslib "^2.3.0"

"@aws-sdk/node-http-handler@3.25.0":
  version "3.25.0"
  resolved "https://registry.yarnpkg.com/@aws-sdk/node-http-handler/-/node-http-handler-3.25.0.tgz#b636ea2c39b4a47cf9bffd4cdb6a41c603b99bff"
  integrity sha512-zVeAM/bXewZiuMtcUZI/xGDID6knkzOv73ueVkzUbP0Ki8bfao7diR3hMbIt5Fy/r8cAVjJce9v6zFqo4sr1WA==
  dependencies:
    "@aws-sdk/abort-controller" "3.25.0"
    "@aws-sdk/protocol-http" "3.25.0"
    "@aws-sdk/querystring-builder" "3.25.0"
    "@aws-sdk/types" "3.25.0"
    tslib "^2.3.0"

"@aws-sdk/property-provider@3.27.0":
  version "3.27.0"
  resolved "https://registry.yarnpkg.com/@aws-sdk/property-provider/-/property-provider-3.27.0.tgz#cde0ecb63ebcf0065f9697f6c1bd6396de9b8f26"
  integrity sha512-8vovVNldgJwCpUfehdwUPwvzfUPB7TEW/tcTgrkLQW/cpEULbRrymtiZrzSkBLspNw2iU5d3FpQxE61s1ou0UA==
  dependencies:
    "@aws-sdk/types" "3.25.0"
    tslib "^2.3.0"

"@aws-sdk/protocol-http@3.25.0":
  version "3.25.0"
  resolved "https://registry.yarnpkg.com/@aws-sdk/protocol-http/-/protocol-http-3.25.0.tgz#4b638cb90672fc2d6cb6d15bebc8bb1fb297da2e"
  integrity sha512-4Jebt5G8uIFa+HZO7KOgOtA66E/CXysQekiV5dfAsU8ca+rX5PB6qhpWZ2unX/l6He+oDQ0zMoW70JkNiP4/4w==
  dependencies:
    "@aws-sdk/types" "3.25.0"
    tslib "^2.3.0"

"@aws-sdk/querystring-builder@3.25.0":
  version "3.25.0"
  resolved "https://registry.yarnpkg.com/@aws-sdk/querystring-builder/-/querystring-builder-3.25.0.tgz#9e6f5eaa5d6805fbf45ae4a47ccbaf823584a4a2"
  integrity sha512-o/R3/viOxjWckI+kepkxJSL7fIdg1hHYOW/rOpo9HbXS0CJrHVnB8vlBb+Xwl1IFyY2gg+5YZTjiufcgpgRBkw==
  dependencies:
    "@aws-sdk/types" "3.25.0"
    "@aws-sdk/util-uri-escape" "3.23.0"
    tslib "^2.3.0"

"@aws-sdk/querystring-parser@3.25.0":
  version "3.25.0"
  resolved "https://registry.yarnpkg.com/@aws-sdk/querystring-parser/-/querystring-parser-3.25.0.tgz#7fe0a3ddf95a4e5475f53be056fce435fb24b774"
  integrity sha512-FCNyaOLFLVS5j43MhVA7/VJUDX0t/9RyNTNulHgzFjj6ffsgqcY0uwUq1RO3QCL4asl56zOrLVJgK+Z7wMbvFg==
  dependencies:
    "@aws-sdk/types" "3.25.0"
    tslib "^2.3.0"

"@aws-sdk/service-error-classification@3.25.0":
  version "3.25.0"
  resolved "https://registry.yarnpkg.com/@aws-sdk/service-error-classification/-/service-error-classification-3.25.0.tgz#1f24fe74f0a89f00d4f6f2ad1d7bb6b0e2f871e7"
  integrity sha512-66FfIab87LnnHtOLrGrVOht9Pw6lE8appyOpBdtoeoU5DP7ARSWuDdsYmKdGdRCWvn/RaVFbSYua9k0M1WsGqg==

"@aws-sdk/shared-ini-file-loader@3.23.0":
  version "3.23.0"
  resolved "https://registry.yarnpkg.com/@aws-sdk/shared-ini-file-loader/-/shared-ini-file-loader-3.23.0.tgz#574901a31e65e425632a9cae6a64f6382a2b76e8"
  integrity sha512-YUp46l6E3dLKHp1cKMkZI4slTjsVc/Lm7nPCTVc3oQvZ1MvC99N/jMCmZ7X5YYofuAUSdc9eJ8sYiF2BnUww9g==
  dependencies:
    tslib "^2.3.0"

"@aws-sdk/signature-v4@3.25.0":
  version "3.25.0"
  resolved "https://registry.yarnpkg.com/@aws-sdk/signature-v4/-/signature-v4-3.25.0.tgz#c7fb8184a09593ef6dc62029ca45e252b51247b2"
  integrity sha512-6KDRRz9XVrj9RxrBLC6dzfnb2TDl3CjIzcNpLdRuKFgzEEdwV+5D+EZuAQU3MuHG5pWTIwG72k/dmCbJ2MDPUQ==
  dependencies:
    "@aws-sdk/is-array-buffer" "3.23.0"
    "@aws-sdk/types" "3.25.0"
    "@aws-sdk/util-hex-encoding" "3.23.0"
    "@aws-sdk/util-uri-escape" "3.23.0"
    tslib "^2.3.0"

"@aws-sdk/smithy-client@3.27.0":
  version "3.27.0"
  resolved "https://registry.yarnpkg.com/@aws-sdk/smithy-client/-/smithy-client-3.27.0.tgz#f01c22abf7f4f32a0d40a6288e452c5b4a461d54"
  integrity sha512-PpsSDUsRqw8HGuXv+AR2UzhVUJz4APM7K6Br8TTDPKvDwQtXkT5GROXRyAwU+htPcOHq006lS5EiF343y0HRvg==
  dependencies:
    "@aws-sdk/middleware-stack" "3.25.0"
    "@aws-sdk/types" "3.25.0"
    tslib "^2.3.0"

"@aws-sdk/types@3.25.0", "@aws-sdk/types@^3.1.0":
  version "3.25.0"
  resolved "https://registry.yarnpkg.com/@aws-sdk/types/-/types-3.25.0.tgz#981210272dae2d259130f6dca8429522d9a564bb"
  integrity sha512-vS0+cTKwj6CujlR07HmeEBxzWPWSrdmZMYnxn/QC9KW9dFu0lsyCGSCqWsFluI6GI0flsnYYWNkP5y4bfD9tqg==

"@aws-sdk/url-parser@3.25.0":
  version "3.25.0"
  resolved "https://registry.yarnpkg.com/@aws-sdk/url-parser/-/url-parser-3.25.0.tgz#668c7d9d4bc21854c10bfb8bdf762a9206776fae"
  integrity sha512-qZ3Vq0NjHsE7Qq6R5NVRswIAsiyYjCDnAV+/Vt4jU/K0V3mGumiasiJyRyblW4Da8R6kfcJk0mHSMFRJfoHh8Q==
  dependencies:
    "@aws-sdk/querystring-parser" "3.25.0"
    "@aws-sdk/types" "3.25.0"
    tslib "^2.3.0"

"@aws-sdk/util-base64-browser@3.23.0":
  version "3.23.0"
  resolved "https://registry.yarnpkg.com/@aws-sdk/util-base64-browser/-/util-base64-browser-3.23.0.tgz#61594ac9529756361c81ece287548ab5b8c5a768"
  integrity sha512-xlI/qw+uhLJWa3k0mRtRHQ42v5QzsMFEUXScredQMfJ/34qzXyocsG6OHPOTV1I8WSANrxnHR5m1Ae3iU6JuVw==
  dependencies:
    tslib "^2.3.0"

"@aws-sdk/util-base64-node@3.23.0":
  version "3.23.0"
  resolved "https://registry.yarnpkg.com/@aws-sdk/util-base64-node/-/util-base64-node-3.23.0.tgz#d0da9ed6b8aaa7513ba4b36a20b4794c72c074ce"
  integrity sha512-Kf8JIAUtjrPcD5CJzrig2B5CtegWswUNpW4zBarww/UJhHlp8WzKlCxxA+yNS1ghT0ZMjrRvxPabKDGpkyUfmQ==
  dependencies:
    "@aws-sdk/util-buffer-from" "3.23.0"
    tslib "^2.3.0"

"@aws-sdk/util-body-length-browser@3.23.0":
  version "3.23.0"
  resolved "https://registry.yarnpkg.com/@aws-sdk/util-body-length-browser/-/util-body-length-browser-3.23.0.tgz#1a5c5e7ea5e15d93bd178021c54d2ea41faeb1cd"
  integrity sha512-Bi6u/5omQbOBSB5BxqVvaPgVplLRjhhSuqK3XAukbeBPh7lcibIBdy7YvbhQyl4i8Hb2QjFnqqfzA0lNBe5eiw==
  dependencies:
    tslib "^2.3.0"

"@aws-sdk/util-body-length-node@3.23.0":
  version "3.23.0"
  resolved "https://registry.yarnpkg.com/@aws-sdk/util-body-length-node/-/util-body-length-node-3.23.0.tgz#2a7890b4fa6de78a042db9537a67f90ccb2a3034"
  integrity sha512-8kSczloA78mikPaJ742SU9Wpwfcz3HOruoXiP/pOy69UZEsMe4P7zTZI1bo8BAp7j6IFUPCXth9E3UAtkbz+CQ==
  dependencies:
    tslib "^2.3.0"

"@aws-sdk/util-buffer-from@3.23.0":
  version "3.23.0"
  resolved "https://registry.yarnpkg.com/@aws-sdk/util-buffer-from/-/util-buffer-from-3.23.0.tgz#3bc02f50c6e8a5c2b9db61faeb3bebc9de701c3b"
  integrity sha512-axXy1FvEOM1uECgMPmyHF1S3Hd7JI+BerhhcAlGig0bbqUsZVQUNL9yhOsWreA+nf1v08Ucj8P2SHPCT9Hvpgg==
  dependencies:
    "@aws-sdk/is-array-buffer" "3.23.0"
    tslib "^2.3.0"

"@aws-sdk/util-credentials@3.23.0":
  version "3.23.0"
  resolved "https://registry.yarnpkg.com/@aws-sdk/util-credentials/-/util-credentials-3.23.0.tgz#6b3138c3853c72adc93c3f57e8fb28f58ffdc364"
  integrity sha512-6TDGZnFa0kZr+vSsWXXMfWt347jbMGKtzGnBxbrmiQgZMijz9s/wLYxsjglZ+CyqI/QrSMOTtqy6mEgJxdnGWQ==
  dependencies:
    "@aws-sdk/shared-ini-file-loader" "3.23.0"
    tslib "^2.3.0"

"@aws-sdk/util-hex-encoding@3.23.0":
  version "3.23.0"
  resolved "https://registry.yarnpkg.com/@aws-sdk/util-hex-encoding/-/util-hex-encoding-3.23.0.tgz#a8de34faf9e51dd4be379be0e9d3bdc093ae6bf4"
  integrity sha512-RFDCwNrJMmmPSMVRadxRNePqTXGwtL9s4844x44D0bbGg1TdC42rrg0PRKYkxFL7wd1FbibVQOzciZAvzF+Z+w==
  dependencies:
    tslib "^2.3.0"

"@aws-sdk/util-locate-window@^3.0.0":
  version "3.23.0"
  resolved "https://registry.yarnpkg.com/@aws-sdk/util-locate-window/-/util-locate-window-3.23.0.tgz#e9bf2a023dce2ea1d13ec2e8c7c92abb333a1442"
  integrity sha512-mM8kWW7SWIxCshkNllpYqCQi5SzwJ+sv5nURhtquOB5/H3qGqZm0V5lUE3qpE1AYmqKwk6qbGUy1woFn1T5nrw==
  dependencies:
    tslib "^2.3.0"

"@aws-sdk/util-uri-escape@3.23.0":
  version "3.23.0"
  resolved "https://registry.yarnpkg.com/@aws-sdk/util-uri-escape/-/util-uri-escape-3.23.0.tgz#52539674966eb456d65408d9028ed114e94dfd49"
  integrity sha512-SvQx2E/FDlI5vLT67wwn/k1j2R/G58tYj4Te6GNgEwPGL43X2+7c0+d/WTgndMaRvxSBHZMUTxBYh1HOeU7loA==
  dependencies:
    tslib "^2.3.0"

"@aws-sdk/util-user-agent-browser@3.25.0":
  version "3.25.0"
  resolved "https://registry.yarnpkg.com/@aws-sdk/util-user-agent-browser/-/util-user-agent-browser-3.25.0.tgz#a0f480f1a5b10350370643445b09413102187935"
  integrity sha512-qGqiWfs49NRmQVXPsBXgMRVkjDZocicU0V2wak98e0t7TOI+KmP8hnwsTkE6c4KwhsFOOUhAzjn5zk3kOwi6tQ==
  dependencies:
    "@aws-sdk/types" "3.25.0"
    bowser "^2.11.0"
    tslib "^2.3.0"

"@aws-sdk/util-user-agent-node@3.27.0":
  version "3.27.0"
  resolved "https://registry.yarnpkg.com/@aws-sdk/util-user-agent-node/-/util-user-agent-node-3.27.0.tgz#2a527174921ef7cf09e2cab3c722f201f0710f42"
  integrity sha512-jigZzAuhEnaLFeYEDGKQq8tas8OsT6qI7WAm/UnCXqtLhdnIu7u1yPhXk+TjI7SSn4Z6zP6Oh1qtFxzhpPmdoQ==
  dependencies:
    "@aws-sdk/node-config-provider" "3.27.0"
    "@aws-sdk/types" "3.25.0"
    tslib "^2.3.0"

"@aws-sdk/util-utf8-browser@3.23.0", "@aws-sdk/util-utf8-browser@^3.0.0":
  version "3.23.0"
  resolved "https://registry.yarnpkg.com/@aws-sdk/util-utf8-browser/-/util-utf8-browser-3.23.0.tgz#dff7e891c67936de677b7d7a6c796e5c2e1b1510"
  integrity sha512-fSB95AKnvCnAbCd7o0xLbErfAgD9wnLCaEu23AgfGAiaG3nFF8Z2+wtjebU/9Z4RI9d/x83Ho/yguRnJdkMsPA==
  dependencies:
    tslib "^2.3.0"

"@aws-sdk/util-utf8-node@3.23.0":
  version "3.23.0"
  resolved "https://registry.yarnpkg.com/@aws-sdk/util-utf8-node/-/util-utf8-node-3.23.0.tgz#9f9fe76745c79c8a148f15d78e9a5c03d2bf0441"
  integrity sha512-yao8+8okyfCxRvxZe3GBdO7lJnQEBf3P6rDgleOQD/0DZmMjOQGXCvDd42oagE2TegXhkUnJfVOZU2GqdoR0hg==
  dependencies:
    "@aws-sdk/util-buffer-from" "3.23.0"
    tslib "^2.3.0"

"@aws-sdk/util-waiter@3.25.0":
  version "3.25.0"
  resolved "https://registry.yarnpkg.com/@aws-sdk/util-waiter/-/util-waiter-3.25.0.tgz#cd2252c99f335e461134f55c3b7eb89ef6893dca"
  integrity sha512-rhJ7Q2fcPD8y4H0qNEpaspkSUya0OaNcVrca9wCZKs7jWnropPzrQ+e2MH7fWJ/8jgcBV890+Txr4fWkD4J01g==
  dependencies:
    "@aws-sdk/abort-controller" "3.25.0"
    "@aws-sdk/types" "3.25.0"
    tslib "^2.3.0"

bowser@^2.11.0:
  version "2.11.0"
  resolved "https://registry.yarnpkg.com/bowser/-/bowser-2.11.0.tgz#5ca3c35757a7aa5771500c70a73a9f91ef420a8f"
  integrity sha512-AlcaJBi/pqqJBIQ8U9Mcpc9i8Aqxn88Skv5d+xBX006BY5u8N3mGLHa5Lgppa7L/HfwgwLgZ6NYs+Ag6uUmJRA==

entities@2.2.0:
  version "2.2.0"
  resolved "https://registry.yarnpkg.com/entities/-/entities-2.2.0.tgz#098dc90ebb83d8dffa089d55256b351d34c4da55"
  integrity sha512-p92if5Nz619I0w+akJrLZH0MX0Pb5DX39XOwQTtXSdQQOaYH03S1uIQp4mhOZtAXrxq4ViO67YTiLBo2638o9A==

fast-xml-parser@3.19.0:
  version "3.19.0"
  resolved "https://registry.yarnpkg.com/fast-xml-parser/-/fast-xml-parser-3.19.0.tgz#cb637ec3f3999f51406dd8ff0e6fc4d83e520d01"
  integrity sha512-4pXwmBplsCPv8FOY1WRakF970TjNGnGnfbOnLqjlYvMiF1SR3yOHyxMR/YCXpPTOspNF5gwudqktIP4VsWkvBg==

mnemonist@0.38.3:
  version "0.38.3"
  resolved "https://registry.yarnpkg.com/mnemonist/-/mnemonist-0.38.3.tgz#35ec79c1c1f4357cfda2fe264659c2775ccd7d9d"
  integrity sha512-2K9QYubXx/NAjv4VLq1d1Ly8pWNC5L3BrixtdkyTegXWJIqY+zLNDhhX/A+ZwWt70tB1S8H4BE8FLYEFyNoOBw==
  dependencies:
    obliterator "^1.6.1"

obliterator@^1.6.1:
  version "1.6.1"
  resolved "https://registry.yarnpkg.com/obliterator/-/obliterator-1.6.1.tgz#dea03e8ab821f6c4d96a299e17aef6a3af994ef3"
  integrity sha512-9WXswnqINnnhOG/5SLimUlzuU1hFJUc8zkwyD59Sd+dPOMf05PmnYG/d6Q7HZ+KmgkZJa1PxRso6QdM3sTNHig==

tslib@^1.11.1:
  version "1.14.1"
  resolved "https://registry.yarnpkg.com/tslib/-/tslib-1.14.1.tgz#cf2d38bdc34a134bcaf1091c41f6619e2f672d00"
  integrity sha512-Xni35NKzjgMrwevysHTCArtLDpPvye8zV/0E4EyYn43P7/7qvQwPh9BGkHewbMulVntbigmcT7rdX3BNo9wRJg==

tslib@^2.3.0:
  version "2.3.1"
  resolved "https://registry.yarnpkg.com/tslib/-/tslib-2.3.1.tgz#e8a335add5ceae51aa261d32a490158ef042ef01"
  integrity sha512-77EbyPPpMz+FRFRuAFlWMtmgUWGe9UOG2Z25NqCwiIjRhOf5iKGuzSe5P2w1laq+FkRy4p+PCuVkJSGkzTEKVw==

uuid@^8.3.2:
  version "8.3.2"
  resolved "https://registry.yarnpkg.com/uuid/-/uuid-8.3.2.tgz#80d5b5ced271bb9af6c445f21a1a04c606cefbe2"
  integrity sha512-+NYs2QeMWy+GWFOEm9xnn6HCDp0l7QBD7ml8zLUmJ+93Q5NF0NocErnwkTkXVFNiX3/fpC6afS8Dhb/gz7R7eg==
